// !$*UTF8*$!
{
	archiveVersion = 1;
	classes = {
	};
	objectVersion = 46;
	objects = {

/* Begin PBXBuildFile section */
		6B2E5A8F1D70E4C2006D89C3 /* Board.swift in Sources */ = {isa = PBXBuildFile; fileRef = 6B2E5A8E1D70E4C2006D89C3 /* Board.swift */; };
		6B2E5A911D70E4DA006D89C3 /* IDASolver.swift in Sources */ = {isa = PBXBuildFile; fileRef = 6B2E5A901D70E4DA006D89C3 /* IDASolver.swift */; };
		6B2E5A931D70E507006D89C3 /* Extensions.swift in Sources */ = {isa = PBXBuildFile; fileRef = 6B2E5A921D70E507006D89C3 /* Extensions.swift */; };
		6B2E5A951D70E74C006D89C3 /* AstarSolver.swift in Sources */ = {isa = PBXBuildFile; fileRef = 6B2E5A941D70E74C006D89C3 /* AstarSolver.swift */; };
		6BF58ADC1D70D58C00EE8AE4 /* main.swift in Sources */ = {isa = PBXBuildFile; fileRef = 6BF58ADB1D70D58C00EE8AE4 /* main.swift */; };
/* End PBXBuildFile section */

/* Begin PBXCopyFilesBuildPhase section */
		6BF58AD61D70D58C00EE8AE4 /* CopyFiles */ = {
			isa = PBXCopyFilesBuildPhase;
			buildActionMask = 2147483647;
			dstPath = /usr/share/man/man1/;
			dstSubfolderSpec = 0;
			files = (
			);
			runOnlyForDeploymentPostprocessing = 1;
		};
/* End PBXCopyFilesBuildPhase section */

/* Begin PBXFileReference section */
		6B2E5A8E1D70E4C2006D89C3 /* Board.swift */ = {isa = PBXFileReference; fileEncoding = 4; lastKnownFileType = sourcecode.swift; path = Board.swift; sourceTree = "<group>"; };
		6B2E5A901D70E4DA006D89C3 /* IDASolver.swift */ = {isa = PBXFileReference; fileEncoding = 4; lastKnownFileType = sourcecode.swift; path = IDASolver.swift; sourceTree = "<group>"; };
		6B2E5A921D70E507006D89C3 /* Extensions.swift */ = {isa = PBXFileReference; fileEncoding = 4; lastKnownFileType = sourcecode.swift; path = Extensions.swift; sourceTree = "<group>"; };
		6B2E5A941D70E74C006D89C3 /* AstarSolver.swift */ = {isa = PBXFileReference; fileEncoding = 4; lastKnownFileType = sourcecode.swift; path = AstarSolver.swift; sourceTree = "<group>"; };
		6BF58AD81D70D58C00EE8AE4 /* NPuzzle_IDAstar */ = {isa = PBXFileReference; explicitFileType = "compiled.mach-o.executable"; includeInIndex = 0; path = NPuzzle_IDAstar; sourceTree = BUILT_PRODUCTS_DIR; };
		6BF58ADB1D70D58C00EE8AE4 /* main.swift */ = {isa = PBXFileReference; lastKnownFileType = sourcecode.swift; path = main.swift; sourceTree = "<group>"; };
/* End PBXFileReference section */

/* Begin PBXFrameworksBuildPhase section */
		6BF58AD51D70D58C00EE8AE4 /* Frameworks */ = {
			isa = PBXFrameworksBuildPhase;
			buildActionMask = 2147483647;
			files = (
			);
			runOnlyForDeploymentPostprocessing = 0;
		};
/* End PBXFrameworksBuildPhase section */

/* Begin PBXGroup section */
		6BF58ACF1D70D58C00EE8AE4 = {
			isa = PBXGroup;
			children = (
				6BF58ADA1D70D58C00EE8AE4 /* NPuzzle_IDAstar */,
				6BF58AD91D70D58C00EE8AE4 /* Products */,
			);
			sourceTree = "<group>";
		};
		6BF58AD91D70D58C00EE8AE4 /* Products */ = {
			isa = PBXGroup;
			children = (
				6BF58AD81D70D58C00EE8AE4 /* NPuzzle_IDAstar */,
			);
			name = Products;
			sourceTree = "<group>";
		};
		6BF58ADA1D70D58C00EE8AE4 /* NPuzzle_IDAstar */ = {
			isa = PBXGroup;
			children = (
				6BF58ADB1D70D58C00EE8AE4 /* main.swift */,
				6B2E5A8E1D70E4C2006D89C3 /* Board.swift */,
				6B2E5A901D70E4DA006D89C3 /* IDASolver.swift */,
				6B2E5A941D70E74C006D89C3 /* AstarSolver.swift */,
				6B2E5A921D70E507006D89C3 /* Extensions.swift */,
			);
			path = NPuzzle_IDAstar;
			sourceTree = "<group>";
		};
/* End PBXGroup section */

/* Begin PBXNativeTarget section */
		6BF58AD71D70D58C00EE8AE4 /* NPuzzle_IDAstar */ = {
			isa = PBXNativeTarget;
			buildConfigurationList = 6BF58ADF1D70D58C00EE8AE4 /* Build configuration list for PBXNativeTarget "NPuzzle_IDAstar" */;
			buildPhases = (
				6BF58AD41D70D58C00EE8AE4 /* Sources */,
				6BF58AD51D70D58C00EE8AE4 /* Frameworks */,
				6BF58AD61D70D58C00EE8AE4 /* CopyFiles */,
			);
			buildRules = (
			);
			dependencies = (
			);
			name = NPuzzle_IDAstar;
			productName = NPuzzle_IDAstar;
			productReference = 6BF58AD81D70D58C00EE8AE4 /* NPuzzle_IDAstar */;
			productType = "com.apple.product-type.tool";
		};
/* End PBXNativeTarget section */

/* Begin PBXProject section */
		6BF58AD01D70D58C00EE8AE4 /* Project object */ = {
			isa = PBXProject;
			attributes = {
				LastSwiftUpdateCheck = 0730;
				LastUpgradeCheck = 0730;
				ORGANIZATIONNAME = "Aline Borges";
				TargetAttributes = {
					6BF58AD71D70D58C00EE8AE4 = {
						CreatedOnToolsVersion = 7.3.1;
					};
				};
			};
			buildConfigurationList = 6BF58AD31D70D58C00EE8AE4 /* Build configuration list for PBXProject "NPuzzle_IDAstar" */;
			compatibilityVersion = "Xcode 3.2";
			developmentRegion = English;
			hasScannedForEncodings = 0;
			knownRegions = (
				en,
			);
			mainGroup = 6BF58ACF1D70D58C00EE8AE4;
			productRefGroup = 6BF58AD91D70D58C00EE8AE4 /* Products */;
			projectDirPath = "";
			projectRoot = "";
			targets = (
				6BF58AD71D70D58C00EE8AE4 /* NPuzzle_IDAstar */,
			);
		};
/* End PBXProject section */

/* Begin PBXSourcesBuildPhase section */
		6BF58AD41D70D58C00EE8AE4 /* Sources */ = {
			isa = PBXSourcesBuildPhase;
			buildActionMask = 2147483647;
			files = (
				6B2E5A951D70E74C006D89C3 /* AstarSolver.swift in Sources */,
				6B2E5A8F1D70E4C2006D89C3 /* Board.swift in Sources */,
				6BF58ADC1D70D58C00EE8AE4 /* main.swift in Sources */,
				6B2E5A911D70E4DA006D89C3 /* IDASolver.swift in Sources */,
				6B2E5A931D70E507006D89C3 /* Extensions.swift in Sources */,
			);
			runOnlyForDeploymentPostprocessing = 0;
		};
/* End PBXSourcesBuildPhase section */

/* Begin XCBuildConfiguration section */
		6BF58ADD1D70D58C00EE8AE4 /* Debug */ = {
			isa = XCBuildConfiguration;
			buildSettings = {
				ALWAYS_SEARCH_USER_PATHS = NO;
				CLANG_ANALYZER_NONNULL = YES;
				CLANG_CXX_LANGUAGE_STANDARD = "gnu++0x";
				CLANG_CXX_LIBRARY = "libc++";
				CLANG_ENABLE_MODULES = YES;
				CLANG_ENABLE_OBJC_ARC = YES;
				CLANG_WARN_BOOL_CONVERSION = YES;
				CLANG_WARN_CONSTANT_CONVERSION = YES;
				CLANG_WARN_DIRECT_OBJC_ISA_USAGE = YES_ERROR;
				CLANG_WARN_EMPTY_BODY = YES;
				CLANG_WARN_ENUM_CONVERSION = YES;
				CLANG_WARN_INT_CONVERSION = YES;
				CLANG_WARN_OBJC_ROOT_CLASS = YES_ERROR;
				CLANG_WARN_UNREACHABLE_CODE = YES;
				CLANG_WARN__DUPLICATE_METHOD_MATCH = YES;
				CODE_SIGN_IDENTITY = "-";
				COPY_PHASE_STRIP = NO;
				DEBUG_INFORMATION_FORMAT = dwarf;
				ENABLE_STRICT_OBJC_MSGSEND = YES;
				ENABLE_TESTABILITY = YES;
				GCC_C_LANGUAGE_STANDARD = gnu99;
				GCC_DYNAMIC_NO_PIC = NO;
				GCC_NO_COMMON_BLOCKS = YES;
				GCC_OPTIMIZATION_LEVEL = 0;
				GCC_PREPROCESSOR_DEFINITIONS = (
					"DEBUG=1",
					"$(inherited)",
				);
				GCC_WARN_64_TO_32_BIT_CONVERSION = YES;
				GCC_WARN_ABOUT_RETURN_TYPE = YES_ERROR;
				GCC_WARN_UNDECLARED_SELECTOR = YES;
				GCC_WARN_UNINITIALIZED_AUTOS = YES_AGGRESSIVE;
				GCC_WARN_UNUSED_FUNCTION = YES;
				GCC_WARN_UNUSED_VARIABLE = YES;
				MACOSX_DEPLOYMENT_TARGET = 10.11;
				MTL_ENABLE_DEBUG_INFO = YES;
				ONLY_ACTIVE_ARCH = YES;
				SDKROOT = macosx;
				SWIFT_OPTIMIZATION_LEVEL = "-Onone";
			};
			name = Debug;
		};
		6BF58ADE1D70D58C00EE8AE4 /* Release */ = {
			isa = XCBuildConfiguration;
			buildSettings = {
				ALWAYS_SEARCH_USER_PATHS = NO;
				CLANG_ANALYZER_NONNULL = YES;
				CLANG_CXX_LANGUAGE_STANDARD = "gnu++0x";
				CLANG_CXX_LIBRARY = "libc++";
				CLANG_ENABLE_MODULES = YES;
				CLANG_ENABLE_OBJC_ARC = YES;
				CLANG_WARN_BOOL_CONVERSION = YES;
				CLANG_WARN_CONSTANT_CONVERSION = YES;
				CLANG_WARN_DIRECT_OBJC_ISA_USAGE = YES_ERROR;
				CLANG_WARN_EMPTY_BODY = YES;
				CLANG_WARN_ENUM_CONVERSION = YES;
				CLANG_WARN_INT_CONVERSION = YES;
				CLANG_WARN_OBJC_ROOT_CLASS = YES_ERROR;
				CLANG_WARN_UNREACHABLE_CODE = YES;
				CLANG_WARN__DUPLICATE_METHOD_MATCH = YES;
				CODE_SIGN_IDENTITY = "-";
				COPY_PHASE_STRIP = NO;
				DEBUG_INFORMATION_FORMAT = "dwarf-with-dsym";
				ENABLE_NS_ASSERTIONS = NO;
				ENABLE_STRICT_OBJC_MSGSEND = YES;
				GCC_C_LANGUAGE_STANDARD = gnu99;
				GCC_NO_COMMON_BLOCKS = YES;
				GCC_WARN_64_TO_32_BIT_CONVERSION = YES;
				GCC_WARN_ABOUT_RETURN_TYPE = YES_ERROR;
				GCC_WARN_UNDECLARED_SELECTOR = YES;
				GCC_WARN_UNINITIALIZED_AUTOS = YES_AGGRESSIVE;
				GCC_WARN_UNUSED_FUNCTION = YES;
				GCC_WARN_UNUSED_VARIABLE = YES;
				MACOSX_DEPLOYMENT_TARGET = 10.11;
				MTL_ENABLE_DEBUG_INFO = NO;
				SDKROOT = macosx;
			};
			name = Release;
		};
		6BF58AE01D70D58C00EE8AE4 /* Debug */ = {
			isa = XCBuildConfiguration;
			buildSettings = {
				PRODUCT_NAME = "$(TARGET_NAME)";
			};
			name = Debug;
		};
		6BF58AE11D70D58C00EE8AE4 /* Release */ = {
			isa = XCBuildConfiguration;
			buildSettings = {
				PRODUCT_NAME = "$(TARGET_NAME)";
			};
			name = Release;
		};
/* End XCBuildConfiguration section */

/* Begin XCConfigurationList section */
		6BF58AD31D70D58C00EE8AE4 /* Build configuration list for PBXProject "NPuzzle_IDAstar" */ = {
			isa = XCConfigurationList;
			buildConfigurations = (
				6BF58ADD1D70D58C00EE8AE4 /* Debug */,
				6BF58ADE1D70D58C00EE8AE4 /* Release */,
			);
			defaultConfigurationIsVisible = 0;
			defaultConfigurationName = Release;
		};
		6BF58ADF1D70D58C00EE8AE4 /* Build configuration list for PBXNativeTarget "NPuzzle_IDAstar" */ = {
			isa = XCConfigurationList;
			buildConfigurations = (
				6BF58AE01D70D58C00EE8AE4 /* Debug */,
				6BF58AE11D70D58C00EE8AE4 /* Release */,
			);
			defaultConfigurationIsVisible = 0;
			defaultConfigurationName = Release;
		};
/* End XCConfigurationList section */
	};
	rootObject = 6BF58AD01D70D58C00EE8AE4 /* Project object */;
}
